
Microsoft Visual Studio Solution File, Format Version 12.00
# Visual Studio Version 16
VisualStudioVersion = 16.0.30523.141
MinimumVisualStudioVersion = 10.0.40219.1
Project("{8BC9CEB8-8B4A-11D0-8D11-00A0C91BC942}") = "2Semestralka", "2Semestralka\2Semestralka.vcxproj", "{933324F9-CF3F-4A4F-9F3F-4CABA67F8CAB}"
EndProject
Global
	GlobalSection(SolutionConfigurationPlatforms) = preSolution
		Debug|x64 = Debug|x64
		Debug|x86 = Debug|x86
		Release|x64 = Release|x64
		Release|x86 = Release|x86
	EndGlobalSection
	GlobalSection(ProjectConfigurationPlatforms) = postSolution
		{933324F9-CF3F-4A4F-9F3F-4CABA67F8CAB}.Debug|x64.ActiveCfg = Debug|x64
		{933324F9-CF3F-4A4F-9F3F-4CABA67F8CAB}.Debug|x64.Build.0 = Debug|x64
		{933324F9-CF3F-4A4F-9F3F-4CABA67F8CAB}.Debug|x86.ActiveCfg = Debug|Win32
		{933324F9-CF3F-4A4F-9F3F-4CABA67F8CAB}.Debug|x86.Build.0 = Debug|Win32
		{933324F9-CF3F-4A4F-9F3F-4CABA67F8CAB}.Release|x64.ActiveCfg = Release|x64
		{933324F9-CF3F-4A4F-9F3F-4CABA67F8CAB}.Release|x64.Build.0 = Release|x64
		{933324F9-CF3F-4A4F-9F3F-4CABA67F8CAB}.Release|x86.ActiveCfg = Release|Win32
		{933324F9-CF3F-4A4F-9F3F-4CABA67F8CAB}.Release|x86.Build.0 = Release|Win32
	EndGlobalSection
	GlobalSection(SolutionProperties) = preSolution
		HideSolutionNode = FALSE
	EndGlobalSection
	GlobalSection(ExtensibilityGlobals) = postSolution
		SolutionGuid = {BD9900AB-55D7-4248-B74A-D8DA980DF64D}
	EndGlobalSection
EndGlobal
